
Microsoft Visual Studio Solution File, Format Version 12.00
# Visual Studio Version 16
VisualStudioVersion = 16.0.31129.286
MinimumVisualStudioVersion = 10.0.40219.1
Project("{FAE04EC0-301F-11D3-BF4B-00C04F79EFBC}") = "ShorewindProducts.WebMVC", "ShorewindProducts.WebMVC\ShorewindProducts.WebMVC.csproj", "{22BF8B1D-AD0D-4CB9-B21C-917C36A49627}"
EndProject
Project("{FAE04EC0-301F-11D3-BF4B-00C04F79EFBC}") = "Shorewind.Models", "Shorewind.Models\Shorewind.Models.csproj", "{F1B92451-DEFA-4793-B698-14FE7B81B6DB}"
EndProject
Project("{FAE04EC0-301F-11D3-BF4B-00C04F79EFBC}") = "Shorewind.Data", "Shorewind.Data\Shorewind.Data.csproj", "{A51838BF-C062-4D2C-9B8C-4EC5DE5DD494}"
EndProject
Global
	GlobalSection(SolutionConfigurationPlatforms) = preSolution
		Debug|Any CPU = Debug|Any CPU
		Release|Any CPU = Release|Any CPU
	EndGlobalSection
	GlobalSection(ProjectConfigurationPlatforms) = postSolution
		{22BF8B1D-AD0D-4CB9-B21C-917C36A49627}.Debug|Any CPU.ActiveCfg = Debug|Any CPU
		{22BF8B1D-AD0D-4CB9-B21C-917C36A49627}.Debug|Any CPU.Build.0 = Debug|Any CPU
		{22BF8B1D-AD0D-4CB9-B21C-917C36A49627}.Release|Any CPU.ActiveCfg = Release|Any CPU
		{22BF8B1D-AD0D-4CB9-B21C-917C36A49627}.Release|Any CPU.Build.0 = Release|Any CPU
		{F1B92451-DEFA-4793-B698-14FE7B81B6DB}.Debug|Any CPU.ActiveCfg = Debug|Any CPU
		{F1B92451-DEFA-4793-B698-14FE7B81B6DB}.Debug|Any CPU.Build.0 = Debug|Any CPU
		{F1B92451-DEFA-4793-B698-14FE7B81B6DB}.Release|Any CPU.ActiveCfg = Release|Any CPU
		{F1B92451-DEFA-4793-B698-14FE7B81B6DB}.Release|Any CPU.Build.0 = Release|Any CPU
		{A51838BF-C062-4D2C-9B8C-4EC5DE5DD494}.Debug|Any CPU.ActiveCfg = Debug|Any CPU
		{A51838BF-C062-4D2C-9B8C-4EC5DE5DD494}.Debug|Any CPU.Build.0 = Debug|Any CPU
		{A51838BF-C062-4D2C-9B8C-4EC5DE5DD494}.Release|Any CPU.ActiveCfg = Release|Any CPU
		{A51838BF-C062-4D2C-9B8C-4EC5DE5DD494}.Release|Any CPU.Build.0 = Release|Any CPU
	EndGlobalSection
	GlobalSection(SolutionProperties) = preSolution
		HideSolutionNode = FALSE
	EndGlobalSection
	GlobalSection(ExtensibilityGlobals) = postSolution
		SolutionGuid = {1BCC160B-DBF4-40D6-8285-B46C78E984CC}
	EndGlobalSection
EndGlobal
